
Microsoft Visual Studio Solution File, Format Version 12.00
# Visual Studio 15
VisualStudioVersion = 15.0.26124.0
MinimumVisualStudioVersion = 15.0.26124.0
Project("{FAE04EC0-301F-11D3-BF4B-00C04F79EFBC}") = "Domain", "Domain\Domain.csproj", "{DBCABA37-7908-460A-B12D-21352B9D5015}"
EndProject
Project("{FAE04EC0-301F-11D3-BF4B-00C04F79EFBC}") = "Application", "Application\Application.csproj", "{73D20FD7-FE75-4AA7-B94A-773E257AFFCB}"
EndProject
Project("{FAE04EC0-301F-11D3-BF4B-00C04F79EFBC}") = "API", "API\API.csproj", "{F97A1298-CD0D-49DB-B4D2-F94AC5E85499}"
EndProject
Project("{FAE04EC0-301F-11D3-BF4B-00C04F79EFBC}") = "Persistence", "Persistence\Persistence.csproj", "{AFDEB6D5-3B05-4827-A578-B730D51F9B83}"
EndProject
Global
	GlobalSection(SolutionConfigurationPlatforms) = preSolution
		Debug|Any CPU = Debug|Any CPU
		Debug|x64 = Debug|x64
		Debug|x86 = Debug|x86
		Release|Any CPU = Release|Any CPU
		Release|x64 = Release|x64
		Release|x86 = Release|x86
	EndGlobalSection
	GlobalSection(SolutionProperties) = preSolution
		HideSolutionNode = FALSE
	EndGlobalSection
	GlobalSection(ProjectConfigurationPlatforms) = postSolution
		{DBCABA37-7908-460A-B12D-21352B9D5015}.Debug|Any CPU.ActiveCfg = Debug|Any CPU
		{DBCABA37-7908-460A-B12D-21352B9D5015}.Debug|Any CPU.Build.0 = Debug|Any CPU
		{DBCABA37-7908-460A-B12D-21352B9D5015}.Debug|x64.ActiveCfg = Debug|Any CPU
		{DBCABA37-7908-460A-B12D-21352B9D5015}.Debug|x64.Build.0 = Debug|Any CPU
		{DBCABA37-7908-460A-B12D-21352B9D5015}.Debug|x86.ActiveCfg = Debug|Any CPU
		{DBCABA37-7908-460A-B12D-21352B9D5015}.Debug|x86.Build.0 = Debug|Any CPU
		{DBCABA37-7908-460A-B12D-21352B9D5015}.Release|Any CPU.ActiveCfg = Release|Any CPU
		{DBCABA37-7908-460A-B12D-21352B9D5015}.Release|Any CPU.Build.0 = Release|Any CPU
		{DBCABA37-7908-460A-B12D-21352B9D5015}.Release|x64.ActiveCfg = Release|Any CPU
		{DBCABA37-7908-460A-B12D-21352B9D5015}.Release|x64.Build.0 = Release|Any CPU
		{DBCABA37-7908-460A-B12D-21352B9D5015}.Release|x86.ActiveCfg = Release|Any CPU
		{DBCABA37-7908-460A-B12D-21352B9D5015}.Release|x86.Build.0 = Release|Any CPU
		{73D20FD7-FE75-4AA7-B94A-773E257AFFCB}.Debug|Any CPU.ActiveCfg = Debug|Any CPU
		{73D20FD7-FE75-4AA7-B94A-773E257AFFCB}.Debug|Any CPU.Build.0 = Debug|Any CPU
		{73D20FD7-FE75-4AA7-B94A-773E257AFFCB}.Debug|x64.ActiveCfg = Debug|Any CPU
		{73D20FD7-FE75-4AA7-B94A-773E257AFFCB}.Debug|x64.Build.0 = Debug|Any CPU
		{73D20FD7-FE75-4AA7-B94A-773E257AFFCB}.Debug|x86.ActiveCfg = Debug|Any CPU
		{73D20FD7-FE75-4AA7-B94A-773E257AFFCB}.Debug|x86.Build.0 = Debug|Any CPU
		{73D20FD7-FE75-4AA7-B94A-773E257AFFCB}.Release|Any CPU.ActiveCfg = Release|Any CPU
		{73D20FD7-FE75-4AA7-B94A-773E257AFFCB}.Release|Any CPU.Build.0 = Release|Any CPU
		{73D20FD7-FE75-4AA7-B94A-773E257AFFCB}.Release|x64.ActiveCfg = Release|Any CPU
		{73D20FD7-FE75-4AA7-B94A-773E257AFFCB}.Release|x64.Build.0 = Release|Any CPU
		{73D20FD7-FE75-4AA7-B94A-773E257AFFCB}.Release|x86.ActiveCfg = Release|Any CPU
		{73D20FD7-FE75-4AA7-B94A-773E257AFFCB}.Release|x86.Build.0 = Release|Any CPU
		{F97A1298-CD0D-49DB-B4D2-F94AC5E85499}.Debug|Any CPU.ActiveCfg = Debug|Any CPU
		{F97A1298-CD0D-49DB-B4D2-F94AC5E85499}.Debug|Any CPU.Build.0 = Debug|Any CPU
		{F97A1298-CD0D-49DB-B4D2-F94AC5E85499}.Debug|x64.ActiveCfg = Debug|Any CPU
		{F97A1298-CD0D-49DB-B4D2-F94AC5E85499}.Debug|x64.Build.0 = Debug|Any CPU
		{F97A1298-CD0D-49DB-B4D2-F94AC5E85499}.Debug|x86.ActiveCfg = Debug|Any CPU
		{F97A1298-CD0D-49DB-B4D2-F94AC5E85499}.Debug|x86.Build.0 = Debug|Any CPU
		{F97A1298-CD0D-49DB-B4D2-F94AC5E85499}.Release|Any CPU.ActiveCfg = Release|Any CPU
		{F97A1298-CD0D-49DB-B4D2-F94AC5E85499}.Release|Any CPU.Build.0 = Release|Any CPU
		{F97A1298-CD0D-49DB-B4D2-F94AC5E85499}.Release|x64.ActiveCfg = Release|Any CPU
		{F97A1298-CD0D-49DB-B4D2-F94AC5E85499}.Release|x64.Build.0 = Release|Any CPU
		{F97A1298-CD0D-49DB-B4D2-F94AC5E85499}.Release|x86.ActiveCfg = Release|Any CPU
		{F97A1298-CD0D-49DB-B4D2-F94AC5E85499}.Release|x86.Build.0 = Release|Any CPU
		{AFDEB6D5-3B05-4827-A578-B730D51F9B83}.Debug|Any CPU.ActiveCfg = Debug|Any CPU
		{AFDEB6D5-3B05-4827-A578-B730D51F9B83}.Debug|Any CPU.Build.0 = Debug|Any CPU
		{AFDEB6D5-3B05-4827-A578-B730D51F9B83}.Debug|x64.ActiveCfg = Debug|Any CPU
		{AFDEB6D5-3B05-4827-A578-B730D51F9B83}.Debug|x64.Build.0 = Debug|Any CPU
		{AFDEB6D5-3B05-4827-A578-B730D51F9B83}.Debug|x86.ActiveCfg = Debug|Any CPU
		{AFDEB6D5-3B05-4827-A578-B730D51F9B83}.Debug|x86.Build.0 = Debug|Any CPU
		{AFDEB6D5-3B05-4827-A578-B730D51F9B83}.Release|Any CPU.ActiveCfg = Release|Any CPU
		{AFDEB6D5-3B05-4827-A578-B730D51F9B83}.Release|Any CPU.Build.0 = Release|Any CPU
		{AFDEB6D5-3B05-4827-A578-B730D51F9B83}.Release|x64.ActiveCfg = Release|Any CPU
		{AFDEB6D5-3B05-4827-A578-B730D51F9B83}.Release|x64.Build.0 = Release|Any CPU
		{AFDEB6D5-3B05-4827-A578-B730D51F9B83}.Release|x86.ActiveCfg = Release|Any CPU
		{AFDEB6D5-3B05-4827-A578-B730D51F9B83}.Release|x86.Build.0 = Release|Any CPU
	EndGlobalSection
EndGlobal
